
Microsoft Visual Studio Solution File, Format Version 12.00
# Visual Studio Version 16
VisualStudioVersion = 16.0.32929.386
MinimumVisualStudioVersion = 10.0.40219.1
Project("{FAE04EC0-301F-11D3-BF4B-00C04F79EFBC}") = "FinancialsAPI", "FinancialsAPI\FinancialsAPI.csproj", "{E9737311-D6EC-490D-A11B-2BF649A498E1}"
EndProject
Global
	GlobalSection(SolutionConfigurationPlatforms) = preSolution
		Debug|Any CPU = Debug|Any CPU
		Release|Any CPU = Release|Any CPU
	EndGlobalSection
	GlobalSection(ProjectConfigurationPlatforms) = postSolution
		{E9737311-D6EC-490D-A11B-2BF649A498E1}.Debug|Any CPU.ActiveCfg = Debug|Any CPU
		{E9737311-D6EC-490D-A11B-2BF649A498E1}.Debug|Any CPU.Build.0 = Debug|Any CPU
		{E9737311-D6EC-490D-A11B-2BF649A498E1}.Release|Any CPU.ActiveCfg = Release|Any CPU
		{E9737311-D6EC-490D-A11B-2BF649A498E1}.Release|Any CPU.Build.0 = Release|Any CPU
	EndGlobalSection
	GlobalSection(SolutionProperties) = preSolution
		HideSolutionNode = FALSE
	EndGlobalSection
	GlobalSection(ExtensibilityGlobals) = postSolution
		SolutionGuid = {22EF9580-56D3-4BB8-A558-7A038A957804}
	EndGlobalSection
EndGlobal
